
Microsoft Visual Studio Solution File, Format Version 12.00
# Visual Studio Version 16
VisualStudioVersion = 16.0.30804.86
MinimumVisualStudioVersion = 10.0.40219.1
Project("{8BC9CEB8-8B4A-11D0-8D11-00A0C91BC942}") = "Sandbox", "Sandbox\Sandbox.vcxproj", "{29E362CA-A3D1-4215-A040-7EFF963C7BED}"
EndProject
Project("{8BC9CEB8-8B4A-11D0-8D11-00A0C91BC942}") = "Infinite", "Infinite\Infinite.vcxproj", "{C3C58C2E-D7C6-4397-B68B-B47C6E62F44E}"
EndProject
Global
	GlobalSection(SolutionConfigurationPlatforms) = preSolution
		Debug|x64 = Debug|x64
		Release|x64 = Release|x64
	EndGlobalSection
	GlobalSection(ProjectConfigurationPlatforms) = postSolution
		{29E362CA-A3D1-4215-A040-7EFF963C7BED}.Debug|x64.ActiveCfg = Debug|x64
		{29E362CA-A3D1-4215-A040-7EFF963C7BED}.Debug|x64.Build.0 = Debug|x64
		{29E362CA-A3D1-4215-A040-7EFF963C7BED}.Release|x64.ActiveCfg = Release|x64
		{29E362CA-A3D1-4215-A040-7EFF963C7BED}.Release|x64.Build.0 = Release|x64
		{C3C58C2E-D7C6-4397-B68B-B47C6E62F44E}.Debug|x64.ActiveCfg = Debug|x64
		{C3C58C2E-D7C6-4397-B68B-B47C6E62F44E}.Debug|x64.Build.0 = Debug|x64
		{C3C58C2E-D7C6-4397-B68B-B47C6E62F44E}.Release|x64.ActiveCfg = Release|x64
		{C3C58C2E-D7C6-4397-B68B-B47C6E62F44E}.Release|x64.Build.0 = Release|x64
	EndGlobalSection
	GlobalSection(SolutionProperties) = preSolution
		HideSolutionNode = FALSE
	EndGlobalSection
	GlobalSection(ExtensibilityGlobals) = postSolution
		SolutionGuid = {93C2B59B-B64B-4873-9805-4CBCD84336E4}
	EndGlobalSection
EndGlobal
