<?xml version="1.0" encoding="utf-8"?>
<Project ToolsVersion="4.0" xmlns="http://schemas.microsoft.com/developer/msbuild/2003">
  <ItemGroup>
    <Filter Include="Events">
      <UniqueIdentifier>{3A8963B1-262B-8E87-0FE6-A1DBFB2615D8}</UniqueIdentifier>
    </Filter>
    <Filter Include="Infinite">
      <UniqueIdentifier>{DB7597E3-C742-F2EE-F05B-E096DC87277D}</UniqueIdentifier>
    </Filter>
  </ItemGroup>
  <ItemGroup>
    <ClInclude Include="src\Events\ApplicationEvent.h">
      <Filter>Events</Filter>
    </ClInclude>
    <ClInclude Include="src\Events\Event.h">
      <Filter>Events</Filter>
    </ClInclude>
    <ClInclude Include="src\Events\KeyEvent.h">
      <Filter>Events</Filter>
    </ClInclude>
    <ClInclude Include="src\Events\MouseEvent.h">
      <Filter>Events</Filter>
    </ClInclude>
    <ClInclude Include="src\Infinite\Application.h">
      <Filter>Infinite</Filter>
    </ClInclude>
    <ClInclude Include="src\Infinite\Core.h">
      <Filter>Infinite</Filter>
    </ClInclude>
    <ClInclude Include="src\Infinite\EntryPoint.h">
      <Filter>Infinite</Filter>
    </ClInclude>
    <ClInclude Include="src\Infinite\Infinite.h">
      <Filter>Infinite</Filter>
    </ClInclude>
    <ClInclude Include="src\Infinite\Log.h">
      <Filter>Infinite</Filter>
    </ClInclude>
  </ItemGroup>
  <ItemGroup>
    <ClCompile Include="src\Infinite\Application.cpp">
      <Filter>Infinite</Filter>
    </ClCompile>
    <ClCompile Include="src\Infinite\Log.cpp">
      <Filter>Infinite</Filter>
    </ClCompile>
  </ItemGroup>
</Project>